{
  "version": "5",
  "specifiers": {
    "npm:postgres@3.4.7": "3.4.7"
  },
  "npm": {
    "postgres@3.4.7": {
      "integrity": "sha512-Jtc2612XINuBjIl/QTWsV5UvE8UHuNblcO3vVADSrKsrc6RqGX6lOW1cEo3CM2v0XG4Nat8nI+YM7/f26VxXLw=="
    }
  },
  "workspace": {
    "packageJson": {
      "dependencies": [
        "npm:@dnd-kit/core@^6.3.1",
        "npm:@dnd-kit/modifiers@9",
        "npm:@dnd-kit/sortable@10",
        "npm:@dnd-kit/utilities@^3.2.2",
        "npm:@eslint/eslintrc@^3.3.3",
        "npm:@hookform/resolvers@^5.2.2",
        "npm:@openai/agents@~0.17.2",
        "npm:@openai/chatkit-react@^1.6.1",
        "npm:@radix-ui/react-accordion@^1.2.12",
        "npm:@radix-ui/react-avatar@^1.1.11",
        "npm:@radix-ui/react-checkbox@^1.3.3",
        "npm:@radix-ui/react-collapsible@^1.1.12",
        "npm:@radix-ui/react-dialog@^1.1.15",
        "npm:@radix-ui/react-dropdown-menu@^2.1.16",
        "npm:@radix-ui/react-hover-card@^1.1.15",
        "npm:@radix-ui/react-label@^2.1.8",
        "npm:@radix-ui/react-navigation-menu@^1.2.14",
        "npm:@radix-ui/react-popover@^1.1.15",
        "npm:@radix-ui/react-progress@^1.1.8",
        "npm:@radix-ui/react-radio-group@^1.3.8",
        "npm:@radix-ui/react-scroll-area@^1.2.10",
        "npm:@radix-ui/react-select@^2.2.6",
        "npm:@radix-ui/react-separator@^1.1.8",
        "npm:@radix-ui/react-slot@^1.2.4",
        "npm:@radix-ui/react-switch@^1.2.6",
        "npm:@radix-ui/react-tabs@^1.1.13",
        "npm:@radix-ui/react-toggle-group@^1.1.11",
        "npm:@radix-ui/react-toggle@^1.1.10",
        "npm:@radix-ui/react-tooltip@^1.2.8",
        "npm:@supabase/ssr@0.12.7",
        "npm:@supabase/supabase-js@2.116.0",
        "npm:@tailwindcss/postcss@^4.1.18",
        "npm:@tanstack/react-table@^8.21.3",
        "npm:@types/node@^25.0.3",
        "npm:@types/pg@^8.23.1",
        "npm:@types/react-dom@^19.2.3",
        "npm:@types/react@^19.2.7",
        "npm:@types/yauzl@^3.4.0",
        "npm:class-variance-authority@~0.7.1",
        "npm:clsx@^2.1.1",
        "npm:cmdk@^1.1.1",
        "npm:date-fns@^4.1.0",
        "npm:drizzle-kit@~0.31.10",
        "npm:drizzle-orm@~0.45.2",
        "npm:esbuild@~0.28.2",
        "npm:eslint-config-next@16.1.1",
        "npm:eslint@^9.39.2",
        "npm:iconv-lite@~0.7.3",
        "npm:lucide-react@0.562",
        "npm:next-themes@~0.4.6",
        "npm:next@16.1.1",
        "npm:openai@7.13.0",
        "npm:pdf-lib@^1.17.1",
        "npm:pg@^8.23.0",
        "npm:postcss@^8.5.6",
        "npm:react-day-picker@^9.13.0",
        "npm:react-dom@19.2.3",
        "npm:react-hook-form@^7.69.0",
        "npm:react-markdown@^10.1.0",
        "npm:react-resizable-panels@^3.0.4",
        "npm:react@19.2.3",
        "npm:recharts@3.6.0",
        "npm:remark-gfm@^4.0.1",
        "npm:server-only@^0.0.1",
        "npm:sonner@^2.0.7",
        "npm:stripe@22.6.0",
        "npm:tailwind-merge@^3.4.0",
        "npm:tailwindcss@^4.1.18",
        "npm:tsx@^4.23.13",
        "npm:tw-animate-css@^1.4.0",
        "npm:typescript@^5.9.3",
        "npm:vaul@^1.1.2",
        "npm:yauzl@^3.4.0",
        "npm:zod@^4.3.2",
        "npm:zustand@^5.0.9"
      ]
    }
  }
}
